
Microsoft Visual Studio Solution File, Format Version 12.00
# Visual Studio Version 17
VisualStudioVersion = 17.13.35806.99
MinimumVisualStudioVersion = 10.0.40219.1
Project("{FAE04EC0-301F-11D3-BF4B-00C04F79EFBC}") = "Aula05", "Aula05\Aula05.csproj", "{48AFFDBC-1FCA-4A5E-A62A-B6798CBE75BE}"
EndProject
Project("{FAE04EC0-301F-11D3-BF4B-00C04F79EFBC}") = "Modelo", "Modelo\Modelo.csproj", "{8495EEA6-ED58-4646-974A-E4E8A07AFDAC}"
EndProject
Project("{FAE04EC0-301F-11D3-BF4B-00C04F79EFBC}") = "Repository", "Repository\Repository.csproj", "{901939AB-FC03-4384-95A0-0A34918AFF4F}"
EndProject
Global
	GlobalSection(SolutionConfigurationPlatforms) = preSolution
		Debug|Any CPU = Debug|Any CPU
		Release|Any CPU = Release|Any CPU
	EndGlobalSection
	GlobalSection(ProjectConfigurationPlatforms) = postSolution
		{48AFFDBC-1FCA-4A5E-A62A-B6798CBE75BE}.Debug|Any CPU.ActiveCfg = Debug|Any CPU
		{48AFFDBC-1FCA-4A5E-A62A-B6798CBE75BE}.Debug|Any CPU.Build.0 = Debug|Any CPU
		{48AFFDBC-1FCA-4A5E-A62A-B6798CBE75BE}.Release|Any CPU.ActiveCfg = Release|Any CPU
		{48AFFDBC-1FCA-4A5E-A62A-B6798CBE75BE}.Release|Any CPU.Build.0 = Release|Any CPU
		{8495EEA6-ED58-4646-974A-E4E8A07AFDAC}.Debug|Any CPU.ActiveCfg = Debug|Any CPU
		{8495EEA6-ED58-4646-974A-E4E8A07AFDAC}.Debug|Any CPU.Build.0 = Debug|Any CPU
		{8495EEA6-ED58-4646-974A-E4E8A07AFDAC}.Release|Any CPU.ActiveCfg = Release|Any CPU
		{8495EEA6-ED58-4646-974A-E4E8A07AFDAC}.Release|Any CPU.Build.0 = Release|Any CPU
		{901939AB-FC03-4384-95A0-0A34918AFF4F}.Debug|Any CPU.ActiveCfg = Debug|Any CPU
		{901939AB-FC03-4384-95A0-0A34918AFF4F}.Debug|Any CPU.Build.0 = Debug|Any CPU
		{901939AB-FC03-4384-95A0-0A34918AFF4F}.Release|Any CPU.ActiveCfg = Release|Any CPU
		{901939AB-FC03-4384-95A0-0A34918AFF4F}.Release|Any CPU.Build.0 = Release|Any CPU
	EndGlobalSection
	GlobalSection(SolutionProperties) = preSolution
		HideSolutionNode = FALSE
	EndGlobalSection
	GlobalSection(ExtensibilityGlobals) = postSolution
		SolutionGuid = {F454A3BD-BA8E-4721-A6DC-A721D76057B7}
	EndGlobalSection
EndGlobal
