
Microsoft Visual Studio Solution File, Format Version 12.00
# Visual Studio Version 17
VisualStudioVersion = 17.13.35828.75 d17.13
MinimumVisualStudioVersion = 10.0.40219.1
Project("{FAE04EC0-301F-11D3-BF4B-00C04F79EFBC}") = "AtividadeRecursividade", "AtividadeRecursividade\AtividadeRecursividade.csproj", "{402DFD50-06A9-4050-AF0E-C22CF98C9460}"
EndProject
Global
	GlobalSection(SolutionConfigurationPlatforms) = preSolution
		Debug|Any CPU = Debug|Any CPU
		Release|Any CPU = Release|Any CPU
	EndGlobalSection
	GlobalSection(ProjectConfigurationPlatforms) = postSolution
		{402DFD50-06A9-4050-AF0E-C22CF98C9460}.Debug|Any CPU.ActiveCfg = Debug|Any CPU
		{402DFD50-06A9-4050-AF0E-C22CF98C9460}.Debug|Any CPU.Build.0 = Debug|Any CPU
		{402DFD50-06A9-4050-AF0E-C22CF98C9460}.Release|Any CPU.ActiveCfg = Release|Any CPU
		{402DFD50-06A9-4050-AF0E-C22CF98C9460}.Release|Any CPU.Build.0 = Release|Any CPU
	EndGlobalSection
	GlobalSection(SolutionProperties) = preSolution
		HideSolutionNode = FALSE
	EndGlobalSection
	GlobalSection(ExtensibilityGlobals) = postSolution
		SolutionGuid = {FD466958-4C8E-49F6-9C19-8B33F34FB521}
	EndGlobalSection
EndGlobal
